{
  "name": "clarity-react",
  "version": "0.1.0",
  "lockfileVersion": 1,
  "dependencies": {
    "@webcomponents/custom-elements": {
      "version": "1.0.0-alpha.3",
      "resolved": "https://registry.npmjs.org/@webcomponents/custom-elements/-/custom-elements-1.0.0-alpha.3.tgz",
      "integrity": "sha1-NA2MyDB3MFQKySJ2yaSRSfb8ARY="
    },
    "clarity-icons": {
      "version": "0.9.8",
      "resolved": "https://registry.npmjs.org/clarity-icons/-/clarity-icons-0.9.8.tgz",
      "integrity": "sha512-mBanJOyNrAFwKSCIeY/FwCd1EnlW1E651HHpJZbVfvWwZOx2ka4Lgjj0JDC2gZVcW83s45sCYeJolfvIkL6HPA=="
    },
    "clarity-ui": {
      "version": "0.9.8",
      "resolved": "https://registry.npmjs.org/clarity-ui/-/clarity-ui-0.9.8.tgz",
      "integrity": "sha512-TBqHIQ9/3LRaHwzWUlcJm8x1OAwbXjPKfcw0HTbI7+WQjh8kwkRmaJEHxA+lV3j/HH4sD7JH69oPKn2mgoppFA=="
    },
    "dompurify": {
      "version": "0.9.0",
      "resolved": "https://registry.npmjs.org/dompurify/-/dompurify-0.9.0.tgz",
      "integrity": "sha1-Rw+d2VZXpkSoS+HtlQZ3lGJZ0FU="
    }
  }
}
